// !$*UTF8*$!
{
	archiveVersion = 1;
	classes = {
	};
	objectVersion = 55;
	objects = {

/* Begin PBXBuildFile section */
		B0621E312816B45F00DFE8FA /* FontRow.xib in Resources */ = {isa = PBXBuildFile; fileRef = B0621E302816B45F00DFE8FA /* FontRow.xib */; };
		B0621E332816B5E500DFE8FA /* FontRow.swift in Sources */ = {isa = PBXBuildFile; fileRef = B0621E322816B5E500DFE8FA /* FontRow.swift */; };
		B084D63A280FE67D007D5DA5 /* VFont.docc in Sources */ = {isa = PBXBuildFile; fileRef = B084D639280FE67D007D5DA5 /* VFont.docc */; };
		B084D640280FE67D007D5DA5 /* VFont.framework in Frameworks */ = {isa = PBXBuildFile; fileRef = B084D635280FE67D007D5DA5 /* VFont.framework */; };
		B084D645280FE67D007D5DA5 /* VFontTests.swift in Sources */ = {isa = PBXBuildFile; fileRef = B084D644280FE67D007D5DA5 /* VFontTests.swift */; };
		B084D646280FE67D007D5DA5 /* VFont.h in Headers */ = {isa = PBXBuildFile; fileRef = B084D638280FE67D007D5DA5 /* VFont.h */; settings = {ATTRIBUTES = (Public, ); }; };
		B084D651280FE6CB007D5DA5 /* VFont.swift in Sources */ = {isa = PBXBuildFile; fileRef = B084D650280FE6CB007D5DA5 /* VFont.swift */; };
		B084D659280FE908007D5DA5 /* AppDelegate.swift in Sources */ = {isa = PBXBuildFile; fileRef = B084D658280FE908007D5DA5 /* AppDelegate.swift */; };
		B084D65B280FE908007D5DA5 /* SceneDelegate.swift in Sources */ = {isa = PBXBuildFile; fileRef = B084D65A280FE908007D5DA5 /* SceneDelegate.swift */; };
		B084D65D280FE908007D5DA5 /* ViewController.swift in Sources */ = {isa = PBXBuildFile; fileRef = B084D65C280FE908007D5DA5 /* ViewController.swift */; };
		B084D660280FE908007D5DA5 /* Main.storyboard in Resources */ = {isa = PBXBuildFile; fileRef = B084D65E280FE908007D5DA5 /* Main.storyboard */; };
		B084D662280FE909007D5DA5 /* Assets.xcassets in Resources */ = {isa = PBXBuildFile; fileRef = B084D661280FE909007D5DA5 /* Assets.xcassets */; };
		B084D665280FE909007D5DA5 /* LaunchScreen.storyboard in Resources */ = {isa = PBXBuildFile; fileRef = B084D663280FE909007D5DA5 /* LaunchScreen.storyboard */; };
		B084D66B280FE925007D5DA5 /* Zvin Serif.ttf in Resources */ = {isa = PBXBuildFile; fileRef = B084D66A280FE925007D5DA5 /* Zvin Serif.ttf */; };
		B084D66D280FEA2D007D5DA5 /* VFont.framework in Frameworks */ = {isa = PBXBuildFile; fileRef = B084D635280FE67D007D5DA5 /* VFont.framework */; };
		B084D66E280FEA2D007D5DA5 /* VFont.framework in Embed Frameworks */ = {isa = PBXBuildFile; fileRef = B084D635280FE67D007D5DA5 /* VFont.framework */; settings = {ATTRIBUTES = (CodeSignOnCopy, RemoveHeadersOnCopy, ); }; };
		B084D673280FFC89007D5DA5 /* Axis.swift in Sources */ = {isa = PBXBuildFile; fileRef = B084D672280FFC89007D5DA5 /* Axis.swift */; };
		B084D6752810181E007D5DA5 /* Uncut-Sans.ttf in Resources */ = {isa = PBXBuildFile; fileRef = B084D6742810181E007D5DA5 /* Uncut-Sans.ttf */; };
		B0AFC9EC2816C1630010F67A /* PaddingLabel.swift in Sources */ = {isa = PBXBuildFile; fileRef = B0AFC9EB2816C1630010F67A /* PaddingLabel.swift */; };
		B0AFC9EE2816C4A60010F67A /* AxisTagLabel.swift in Sources */ = {isa = PBXBuildFile; fileRef = B0AFC9ED2816C4A60010F67A /* AxisTagLabel.swift */; };
		B0C89C682816AF1300A65F1F /* FontListViewController.swift in Sources */ = {isa = PBXBuildFile; fileRef = B0C89C672816AF1300A65F1F /* FontListViewController.swift */; };
/* End PBXBuildFile section */

/* Begin PBXContainerItemProxy section */
		B084D641280FE67D007D5DA5 /* PBXContainerItemProxy */ = {
			isa = PBXContainerItemProxy;
			containerPortal = B084D62C280FE67D007D5DA5 /* Project object */;
			proxyType = 1;
			remoteGlobalIDString = B084D634280FE67D007D5DA5;
			remoteInfo = VFont;
		};
		B084D66F280FEA2D007D5DA5 /* PBXContainerItemProxy */ = {
			isa = PBXContainerItemProxy;
			containerPortal = B084D62C280FE67D007D5DA5 /* Project object */;
			proxyType = 1;
			remoteGlobalIDString = B084D634280FE67D007D5DA5;
			remoteInfo = VFont;
		};
/* End PBXContainerItemProxy section */

/* Begin PBXCopyFilesBuildPhase section */
		B084D671280FEA2D007D5DA5 /* Embed Frameworks */ = {
			isa = PBXCopyFilesBuildPhase;
			buildActionMask = 2147483647;
			dstPath = "";
			dstSubfolderSpec = 10;
			files = (
				B084D66E280FEA2D007D5DA5 /* VFont.framework in Embed Frameworks */,
			);
			name = "Embed Frameworks";
			runOnlyForDeploymentPostprocessing = 0;
		};
/* End PBXCopyFilesBuildPhase section */

/* Begin PBXFileReference section */
		B0621E302816B45F00DFE8FA /* FontRow.xib */ = {isa = PBXFileReference; lastKnownFileType = file.xib; path = FontRow.xib; sourceTree = "<group>"; };
		B0621E322816B5E500DFE8FA /* FontRow.swift */ = {isa = PBXFileReference; lastKnownFileType = sourcecode.swift; path = FontRow.swift; sourceTree = "<group>"; };
		B084D635280FE67D007D5DA5 /* VFont.framework */ = {isa = PBXFileReference; explicitFileType = wrapper.framework; includeInIndex = 0; path = VFont.framework; sourceTree = BUILT_PRODUCTS_DIR; };
		B084D638280FE67D007D5DA5 /* VFont.h */ = {isa = PBXFileReference; lastKnownFileType = sourcecode.c.h; path = VFont.h; sourceTree = "<group>"; };
		B084D639280FE67D007D5DA5 /* VFont.docc */ = {isa = PBXFileReference; lastKnownFileType = folder.documentationcatalog; path = VFont.docc; sourceTree = "<group>"; };
		B084D63F280FE67D007D5DA5 /* VFontTests.xctest */ = {isa = PBXFileReference; explicitFileType = wrapper.cfbundle; includeInIndex = 0; path = VFontTests.xctest; sourceTree = BUILT_PRODUCTS_DIR; };
		B084D644280FE67D007D5DA5 /* VFontTests.swift */ = {isa = PBXFileReference; lastKnownFileType = sourcecode.swift; path = VFontTests.swift; sourceTree = "<group>"; };
		B084D650280FE6CB007D5DA5 /* VFont.swift */ = {isa = PBXFileReference; lastKnownFileType = sourcecode.swift; path = VFont.swift; sourceTree = "<group>"; };
		B084D656280FE908007D5DA5 /* VFontDemo.app */ = {isa = PBXFileReference; explicitFileType = wrapper.application; includeInIndex = 0; path = VFontDemo.app; sourceTree = BUILT_PRODUCTS_DIR; };
		B084D658280FE908007D5DA5 /* AppDelegate.swift */ = {isa = PBXFileReference; lastKnownFileType = sourcecode.swift; path = AppDelegate.swift; sourceTree = "<group>"; };
		B084D65A280FE908007D5DA5 /* SceneDelegate.swift */ = {isa = PBXFileReference; lastKnownFileType = sourcecode.swift; path = SceneDelegate.swift; sourceTree = "<group>"; };
		B084D65C280FE908007D5DA5 /* ViewController.swift */ = {isa = PBXFileReference; lastKnownFileType = sourcecode.swift; path = ViewController.swift; sourceTree = "<group>"; };
		B084D65F280FE908007D5DA5 /* Base */ = {isa = PBXFileReference; lastKnownFileType = file.storyboard; name = Base; path = Base.lproj/Main.storyboard; sourceTree = "<group>"; };
		B084D661280FE909007D5DA5 /* Assets.xcassets */ = {isa = PBXFileReference; lastKnownFileType = folder.assetcatalog; path = Assets.xcassets; sourceTree = "<group>"; };
		B084D664280FE909007D5DA5 /* Base */ = {isa = PBXFileReference; lastKnownFileType = file.storyboard; name = Base; path = Base.lproj/LaunchScreen.storyboard; sourceTree = "<group>"; };
		B084D666280FE909007D5DA5 /* Info.plist */ = {isa = PBXFileReference; lastKnownFileType = text.plist.xml; path = Info.plist; sourceTree = "<group>"; };
		B084D66A280FE925007D5DA5 /* Zvin Serif.ttf */ = {isa = PBXFileReference; lastKnownFileType = file; path = "Zvin Serif.ttf"; sourceTree = "<group>"; };
		B084D672280FFC89007D5DA5 /* Axis.swift */ = {isa = PBXFileReference; lastKnownFileType = sourcecode.swift; path = Axis.swift; sourceTree = "<group>"; };
		B084D6742810181E007D5DA5 /* Uncut-Sans.ttf */ = {isa = PBXFileReference; lastKnownFileType = file; path = "Uncut-Sans.ttf"; sourceTree = "<group>"; };
		B0AFC9EB2816C1630010F67A /* PaddingLabel.swift */ = {isa = PBXFileReference; lastKnownFileType = sourcecode.swift; path = PaddingLabel.swift; sourceTree = "<group>"; };
		B0AFC9ED2816C4A60010F67A /* AxisTagLabel.swift */ = {isa = PBXFileReference; lastKnownFileType = sourcecode.swift; path = AxisTagLabel.swift; sourceTree = "<group>"; };
		B0C89C672816AF1300A65F1F /* FontListViewController.swift */ = {isa = PBXFileReference; lastKnownFileType = sourcecode.swift; path = FontListViewController.swift; sourceTree = "<group>"; };
/* End PBXFileReference section */

/* Begin PBXFrameworksBuildPhase section */
		B084D632280FE67D007D5DA5 /* Frameworks */ = {
			isa = PBXFrameworksBuildPhase;
			buildActionMask = 2147483647;
			files = (
			);
			runOnlyForDeploymentPostprocessing = 0;
		};
		B084D63C280FE67D007D5DA5 /* Frameworks */ = {
			isa = PBXFrameworksBuildPhase;
			buildActionMask = 2147483647;
			files = (
				B084D640280FE67D007D5DA5 /* VFont.framework in Frameworks */,
			);
			runOnlyForDeploymentPostprocessing = 0;
		};
		B084D653280FE908007D5DA5 /* Frameworks */ = {
			isa = PBXFrameworksBuildPhase;
			buildActionMask = 2147483647;
			files = (
				B084D66D280FEA2D007D5DA5 /* VFont.framework in Frameworks */,
			);
			runOnlyForDeploymentPostprocessing = 0;
		};
/* End PBXFrameworksBuildPhase section */

/* Begin PBXGroup section */
		B031B9112812D9640084FC56 /* Application */ = {
			isa = PBXGroup;
			children = (
				B084D658280FE908007D5DA5 /* AppDelegate.swift */,
				B084D65A280FE908007D5DA5 /* SceneDelegate.swift */,
				B084D661280FE909007D5DA5 /* Assets.xcassets */,
				B084D663280FE909007D5DA5 /* LaunchScreen.storyboard */,
			);
			path = Application;
			sourceTree = "<group>";
		};
		B0621E2F2816B44B00DFE8FA /* View */ = {
			isa = PBXGroup;
			children = (
				B0621E302816B45F00DFE8FA /* FontRow.xib */,
				B0621E322816B5E500DFE8FA /* FontRow.swift */,
				B0AFC9EB2816C1630010F67A /* PaddingLabel.swift */,
				B0AFC9ED2816C4A60010F67A /* AxisTagLabel.swift */,
			);
			path = View;
			sourceTree = "<group>";
		};
		B084D62B280FE67D007D5DA5 = {
			isa = PBXGroup;
			children = (
				B084D637280FE67D007D5DA5 /* VFont */,
				B084D643280FE67D007D5DA5 /* VFontTests */,
				B084D657280FE908007D5DA5 /* VFontDemo */,
				B084D636280FE67D007D5DA5 /* Products */,
				B084D66C280FEA2D007D5DA5 /* Frameworks */,
			);
			sourceTree = "<group>";
		};
		B084D636280FE67D007D5DA5 /* Products */ = {
			isa = PBXGroup;
			children = (
				B084D635280FE67D007D5DA5 /* VFont.framework */,
				B084D63F280FE67D007D5DA5 /* VFontTests.xctest */,
				B084D656280FE908007D5DA5 /* VFontDemo.app */,
			);
			name = Products;
			sourceTree = "<group>";
		};
		B084D637280FE67D007D5DA5 /* VFont */ = {
			isa = PBXGroup;
			children = (
				B084D64F280FE6B5007D5DA5 /* Source */,
				B084D638280FE67D007D5DA5 /* VFont.h */,
				B084D639280FE67D007D5DA5 /* VFont.docc */,
			);
			path = VFont;
			sourceTree = "<group>";
		};
		B084D643280FE67D007D5DA5 /* VFontTests */ = {
			isa = PBXGroup;
			children = (
				B084D644280FE67D007D5DA5 /* VFontTests.swift */,
			);
			path = VFontTests;
			sourceTree = "<group>";
		};
		B084D64F280FE6B5007D5DA5 /* Source */ = {
			isa = PBXGroup;
			children = (
				B084D650280FE6CB007D5DA5 /* VFont.swift */,
				B084D672280FFC89007D5DA5 /* Axis.swift */,
			);
			path = Source;
			sourceTree = "<group>";
		};
		B084D657280FE908007D5DA5 /* VFontDemo */ = {
			isa = PBXGroup;
			children = (
				B0621E2F2816B44B00DFE8FA /* View */,
				B031B9112812D9640084FC56 /* Application */,
				B0C89C662816ACD400A65F1F /* Fonts */,
				B084D65C280FE908007D5DA5 /* ViewController.swift */,
				B0C89C672816AF1300A65F1F /* FontListViewController.swift */,
				B084D65E280FE908007D5DA5 /* Main.storyboard */,
				B084D666280FE909007D5DA5 /* Info.plist */,
			);
			path = VFontDemo;
			sourceTree = "<group>";
		};
		B084D66C280FEA2D007D5DA5 /* Frameworks */ = {
			isa = PBXGroup;
			children = (
			);
			name = Frameworks;
			sourceTree = "<group>";
		};
		B0C89C662816ACD400A65F1F /* Fonts */ = {
			isa = PBXGroup;
			children = (
				B084D6742810181E007D5DA5 /* Uncut-Sans.ttf */,
				B084D66A280FE925007D5DA5 /* Zvin Serif.ttf */,
			);
			path = Fonts;
			sourceTree = "<group>";
		};
/* End PBXGroup section */

/* Begin PBXHeadersBuildPhase section */
		B084D630280FE67D007D5DA5 /* Headers */ = {
			isa = PBXHeadersBuildPhase;
			buildActionMask = 2147483647;
			files = (
				B084D646280FE67D007D5DA5 /* VFont.h in Headers */,
			);
			runOnlyForDeploymentPostprocessing = 0;
		};
/* End PBXHeadersBuildPhase section */

/* Begin PBXNativeTarget section */
		B084D634280FE67D007D5DA5 /* VFont */ = {
			isa = PBXNativeTarget;
			buildConfigurationList = B084D649280FE67D007D5DA5 /* Build configuration list for PBXNativeTarget "VFont" */;
			buildPhases = (
				B084D630280FE67D007D5DA5 /* Headers */,
				B084D631280FE67D007D5DA5 /* Sources */,
				B084D632280FE67D007D5DA5 /* Frameworks */,
				B084D633280FE67D007D5DA5 /* Resources */,
			);
			buildRules = (
			);
			dependencies = (
			);
			name = VFont;
			productName = VFont;
			productReference = B084D635280FE67D007D5DA5 /* VFont.framework */;
			productType = "com.apple.product-type.framework";
		};
		B084D63E280FE67D007D5DA5 /* VFontTests */ = {
			isa = PBXNativeTarget;
			buildConfigurationList = B084D64C280FE67D007D5DA5 /* Build configuration list for PBXNativeTarget "VFontTests" */;
			buildPhases = (
				B084D63B280FE67D007D5DA5 /* Sources */,
				B084D63C280FE67D007D5DA5 /* Frameworks */,
				B084D63D280FE67D007D5DA5 /* Resources */,
			);
			buildRules = (
			);
			dependencies = (
				B084D642280FE67D007D5DA5 /* PBXTargetDependency */,
			);
			name = VFontTests;
			productName = VFontTests;
			productReference = B084D63F280FE67D007D5DA5 /* VFontTests.xctest */;
			productType = "com.apple.product-type.bundle.unit-test";
		};
		B084D655280FE908007D5DA5 /* VFontDemo */ = {
			isa = PBXNativeTarget;
			buildConfigurationList = B084D667280FE909007D5DA5 /* Build configuration list for PBXNativeTarget "VFontDemo" */;
			buildPhases = (
				B084D652280FE908007D5DA5 /* Sources */,
				B084D653280FE908007D5DA5 /* Frameworks */,
				B084D654280FE908007D5DA5 /* Resources */,
				B084D671280FEA2D007D5DA5 /* Embed Frameworks */,
			);
			buildRules = (
			);
			dependencies = (
				B084D670280FEA2D007D5DA5 /* PBXTargetDependency */,
			);
			name = VFontDemo;
			productName = VFontDemo;
			productReference = B084D656280FE908007D5DA5 /* VFontDemo.app */;
			productType = "com.apple.product-type.application";
		};
/* End PBXNativeTarget section */

/* Begin PBXProject section */
		B084D62C280FE67D007D5DA5 /* Project object */ = {
			isa = PBXProject;
			attributes = {
				BuildIndependentTargetsInParallel = 1;
				LastSwiftUpdateCheck = 1330;
				LastUpgradeCheck = 1330;
				TargetAttributes = {
					B084D634280FE67D007D5DA5 = {
						CreatedOnToolsVersion = 13.3;
					};
					B084D63E280FE67D007D5DA5 = {
						CreatedOnToolsVersion = 13.3;
					};
					B084D655280FE908007D5DA5 = {
						CreatedOnToolsVersion = 13.3;
					};
				};
			};
			buildConfigurationList = B084D62F280FE67D007D5DA5 /* Build configuration list for PBXProject "VFont" */;
			compatibilityVersion = "Xcode 13.0";
			developmentRegion = en;
			hasScannedForEncodings = 0;
			knownRegions = (
				en,
				Base,
			);
			mainGroup = B084D62B280FE67D007D5DA5;
			productRefGroup = B084D636280FE67D007D5DA5 /* Products */;
			projectDirPath = "";
			projectRoot = "";
			targets = (
				B084D634280FE67D007D5DA5 /* VFont */,
				B084D63E280FE67D007D5DA5 /* VFontTests */,
				B084D655280FE908007D5DA5 /* VFontDemo */,
			);
		};
/* End PBXProject section */

/* Begin PBXResourcesBuildPhase section */
		B084D633280FE67D007D5DA5 /* Resources */ = {
			isa = PBXResourcesBuildPhase;
			buildActionMask = 2147483647;
			files = (
			);
			runOnlyForDeploymentPostprocessing = 0;
		};
		B084D63D280FE67D007D5DA5 /* Resources */ = {
			isa = PBXResourcesBuildPhase;
			buildActionMask = 2147483647;
			files = (
			);
			runOnlyForDeploymentPostprocessing = 0;
		};
		B084D654280FE908007D5DA5 /* Resources */ = {
			isa = PBXResourcesBuildPhase;
			buildActionMask = 2147483647;
			files = (
				B084D665280FE909007D5DA5 /* LaunchScreen.storyboard in Resources */,
				B084D662280FE909007D5DA5 /* Assets.xcassets in Resources */,
				B084D66B280FE925007D5DA5 /* Zvin Serif.ttf in Resources */,
				B084D6752810181E007D5DA5 /* Uncut-Sans.ttf in Resources */,
				B084D660280FE908007D5DA5 /* Main.storyboard in Resources */,
				B0621E312816B45F00DFE8FA /* FontRow.xib in Resources */,
			);
			runOnlyForDeploymentPostprocessing = 0;
		};
/* End PBXResourcesBuildPhase section */

/* Begin PBXSourcesBuildPhase section */
		B084D631280FE67D007D5DA5 /* Sources */ = {
			isa = PBXSourcesBuildPhase;
			buildActionMask = 2147483647;
			files = (
				B084D63A280FE67D007D5DA5 /* VFont.docc in Sources */,
				B084D673280FFC89007D5DA5 /* Axis.swift in Sources */,
				B084D651280FE6CB007D5DA5 /* VFont.swift in Sources */,
			);
			runOnlyForDeploymentPostprocessing = 0;
		};
		B084D63B280FE67D007D5DA5 /* Sources */ = {
			isa = PBXSourcesBuildPhase;
			buildActionMask = 2147483647;
			files = (
				B084D645280FE67D007D5DA5 /* VFontTests.swift in Sources */,
			);
			runOnlyForDeploymentPostprocessing = 0;
		};
		B084D652280FE908007D5DA5 /* Sources */ = {
			isa = PBXSourcesBuildPhase;
			buildActionMask = 2147483647;
			files = (
				B0AFC9EC2816C1630010F67A /* PaddingLabel.swift in Sources */,
				B084D65D280FE908007D5DA5 /* ViewController.swift in Sources */,
				B0C89C682816AF1300A65F1F /* FontListViewController.swift in Sources */,
				B0621E332816B5E500DFE8FA /* FontRow.swift in Sources */,
				B084D659280FE908007D5DA5 /* AppDelegate.swift in Sources */,
				B084D65B280FE908007D5DA5 /* SceneDelegate.swift in Sources */,
				B0AFC9EE2816C4A60010F67A /* AxisTagLabel.swift in Sources */,
			);
			runOnlyForDeploymentPostprocessing = 0;
		};
/* End PBXSourcesBuildPhase section */

/* Begin PBXTargetDependency section */
		B084D642280FE67D007D5DA5 /* PBXTargetDependency */ = {
			isa = PBXTargetDependency;
			target = B084D634280FE67D007D5DA5 /* VFont */;
			targetProxy = B084D641280FE67D007D5DA5 /* PBXContainerItemProxy */;
		};
		B084D670280FEA2D007D5DA5 /* PBXTargetDependency */ = {
			isa = PBXTargetDependency;
			target = B084D634280FE67D007D5DA5 /* VFont */;
			targetProxy = B084D66F280FEA2D007D5DA5 /* PBXContainerItemProxy */;
		};
/* End PBXTargetDependency section */

/* Begin PBXVariantGroup section */
		B084D65E280FE908007D5DA5 /* Main.storyboard */ = {
			isa = PBXVariantGroup;
			children = (
				B084D65F280FE908007D5DA5 /* Base */,
			);
			name = Main.storyboard;
			sourceTree = "<group>";
		};
		B084D663280FE909007D5DA5 /* LaunchScreen.storyboard */ = {
			isa = PBXVariantGroup;
			children = (
				B084D664280FE909007D5DA5 /* Base */,
			);
			name = LaunchScreen.storyboard;
			sourceTree = "<group>";
		};
/* End PBXVariantGroup section */

/* Begin XCBuildConfiguration section */
		B084D647280FE67D007D5DA5 /* Debug */ = {
			isa = XCBuildConfiguration;
			buildSettings = {
				ALWAYS_SEARCH_USER_PATHS = NO;
				CLANG_ANALYZER_NONNULL = YES;
				CLANG_ANALYZER_NUMBER_OBJECT_CONVERSION = YES_AGGRESSIVE;
				CLANG_CXX_LANGUAGE_STANDARD = "gnu++17";
				CLANG_ENABLE_MODULES = YES;
				CLANG_ENABLE_OBJC_ARC = YES;
				CLANG_ENABLE_OBJC_WEAK = YES;
				CLANG_WARN_BLOCK_CAPTURE_AUTORELEASING = YES;
				CLANG_WARN_BOOL_CONVERSION = YES;
				CLANG_WARN_COMMA = YES;
				CLANG_WARN_CONSTANT_CONVERSION = YES;
				CLANG_WARN_DEPRECATED_OBJC_IMPLEMENTATIONS = YES;
				CLANG_WARN_DIRECT_OBJC_ISA_USAGE = YES_ERROR;
				CLANG_WARN_DOCUMENTATION_COMMENTS = YES;
				CLANG_WARN_EMPTY_BODY = YES;
				CLANG_WARN_ENUM_CONVERSION = YES;
				CLANG_WARN_INFINITE_RECURSION = YES;
				CLANG_WARN_INT_CONVERSION = YES;
				CLANG_WARN_NON_LITERAL_NULL_CONVERSION = YES;
				CLANG_WARN_OBJC_IMPLICIT_RETAIN_SELF = YES;
				CLANG_WARN_OBJC_LITERAL_CONVERSION = YES;
				CLANG_WARN_OBJC_ROOT_CLASS = YES_ERROR;
				CLANG_WARN_QUOTED_INCLUDE_IN_FRAMEWORK_HEADER = YES;
				CLANG_WARN_RANGE_LOOP_ANALYSIS = YES;
				CLANG_WARN_STRICT_PROTOTYPES = YES;
				CLANG_WARN_SUSPICIOUS_MOVE = YES;
				CLANG_WARN_UNGUARDED_AVAILABILITY = YES_AGGRESSIVE;
				CLANG_WARN_UNREACHABLE_CODE = YES;
				CLANG_WARN__DUPLICATE_METHOD_MATCH = YES;
				COPY_PHASE_STRIP = NO;
				CURRENT_PROJECT_VERSION = 1;
				DEBUG_INFORMATION_FORMAT = dwarf;
				ENABLE_STRICT_OBJC_MSGSEND = YES;
				ENABLE_TESTABILITY = YES;
				GCC_C_LANGUAGE_STANDARD = gnu11;
				GCC_DYNAMIC_NO_PIC = NO;
				GCC_NO_COMMON_BLOCKS = YES;
				GCC_OPTIMIZATION_LEVEL = 0;
				GCC_PREPROCESSOR_DEFINITIONS = (
					"DEBUG=1",
					"$(inherited)",
				);
				GCC_WARN_64_TO_32_BIT_CONVERSION = YES;
				GCC_WARN_ABOUT_RETURN_TYPE = YES_ERROR;
				GCC_WARN_UNDECLARED_SELECTOR = YES;
				GCC_WARN_UNINITIALIZED_AUTOS = YES_AGGRESSIVE;
				GCC_WARN_UNUSED_FUNCTION = YES;
				GCC_WARN_UNUSED_VARIABLE = YES;
				IPHONEOS_DEPLOYMENT_TARGET = 9.0;
				MTL_ENABLE_DEBUG_INFO = INCLUDE_SOURCE;
				MTL_FAST_MATH = YES;
				ONLY_ACTIVE_ARCH = YES;
				SDKROOT = iphoneos;
				SWIFT_ACTIVE_COMPILATION_CONDITIONS = DEBUG;
				SWIFT_OPTIMIZATION_LEVEL = "-Onone";
				VERSIONING_SYSTEM = "apple-generic";
				VERSION_INFO_PREFIX = "";
			};
			name = Debug;
		};
		B084D648280FE67D007D5DA5 /* Release */ = {
			isa = XCBuildConfiguration;
			buildSettings = {
				ALWAYS_SEARCH_USER_PATHS = NO;
				CLANG_ANALYZER_NONNULL = YES;
				CLANG_ANALYZER_NUMBER_OBJECT_CONVERSION = YES_AGGRESSIVE;
				CLANG_CXX_LANGUAGE_STANDARD = "gnu++17";
				CLANG_ENABLE_MODULES = YES;
				CLANG_ENABLE_OBJC_ARC = YES;
				CLANG_ENABLE_OBJC_WEAK = YES;
				CLANG_WARN_BLOCK_CAPTURE_AUTORELEASING = YES;
				CLANG_WARN_BOOL_CONVERSION = YES;
				CLANG_WARN_COMMA = YES;
				CLANG_WARN_CONSTANT_CONVERSION = YES;
				CLANG_WARN_DEPRECATED_OBJC_IMPLEMENTATIONS = YES;
				CLANG_WARN_DIRECT_OBJC_ISA_USAGE = YES_ERROR;
				CLANG_WARN_DOCUMENTATION_COMMENTS = YES;
				CLANG_WARN_EMPTY_BODY = YES;
				CLANG_WARN_ENUM_CONVERSION = YES;
				CLANG_WARN_INFINITE_RECURSION = YES;
				CLANG_WARN_INT_CONVERSION = YES;
				CLANG_WARN_NON_LITERAL_NULL_CONVERSION = YES;
				CLANG_WARN_OBJC_IMPLICIT_RETAIN_SELF = YES;
				CLANG_WARN_OBJC_LITERAL_CONVERSION = YES;
				CLANG_WARN_OBJC_ROOT_CLASS = YES_ERROR;
				CLANG_WARN_QUOTED_INCLUDE_IN_FRAMEWORK_HEADER = YES;
				CLANG_WARN_RANGE_LOOP_ANALYSIS = YES;
				CLANG_WARN_STRICT_PROTOTYPES = YES;
				CLANG_WARN_SUSPICIOUS_MOVE = YES;
				CLANG_WARN_UNGUARDED_AVAILABILITY = YES_AGGRESSIVE;
				CLANG_WARN_UNREACHABLE_CODE = YES;
				CLANG_WARN__DUPLICATE_METHOD_MATCH = YES;
				COPY_PHASE_STRIP = NO;
				CURRENT_PROJECT_VERSION = 1;
				DEBUG_INFORMATION_FORMAT = "dwarf-with-dsym";
				ENABLE_NS_ASSERTIONS = NO;
				ENABLE_STRICT_OBJC_MSGSEND = YES;
				GCC_C_LANGUAGE_STANDARD = gnu11;
				GCC_NO_COMMON_BLOCKS = YES;
				GCC_WARN_64_TO_32_BIT_CONVERSION = YES;
				GCC_WARN_ABOUT_RETURN_TYPE = YES_ERROR;
				GCC_WARN_UNDECLARED_SELECTOR = YES;
				GCC_WARN_UNINITIALIZED_AUTOS = YES_AGGRESSIVE;
				GCC_WARN_UNUSED_FUNCTION = YES;
				GCC_WARN_UNUSED_VARIABLE = YES;
				IPHONEOS_DEPLOYMENT_TARGET = 9.0;
				MTL_ENABLE_DEBUG_INFO = NO;
				MTL_FAST_MATH = YES;
				SDKROOT = iphoneos;
				SWIFT_COMPILATION_MODE = wholemodule;
				SWIFT_OPTIMIZATION_LEVEL = "-O";
				VALIDATE_PRODUCT = YES;
				VERSIONING_SYSTEM = "apple-generic";
				VERSION_INFO_PREFIX = "";
			};
			name = Release;
		};
		B084D64A280FE67D007D5DA5 /* Debug */ = {
			isa = XCBuildConfiguration;
			buildSettings = {
				CODE_SIGN_STYLE = Automatic;
				CURRENT_PROJECT_VERSION = 1;
				DEFINES_MODULE = YES;
				DEVELOPMENT_TEAM = CX6AZ34SLQ;
				DYLIB_COMPATIBILITY_VERSION = 1;
				DYLIB_CURRENT_VERSION = 1;
				DYLIB_INSTALL_NAME_BASE = "@rpath";
				GENERATE_INFOPLIST_FILE = YES;
				INFOPLIST_KEY_NSHumanReadableCopyright = "";
				INSTALL_PATH = "$(LOCAL_LIBRARY_DIR)/Frameworks";
				LD_RUNPATH_SEARCH_PATHS = (
					"$(inherited)",
					"@executable_path/Frameworks",
					"@loader_path/Frameworks",
				);
				MARKETING_VERSION = 0.1.0;
				PRODUCT_BUNDLE_IDENTIFIER = evilmartians.VFont;
				PRODUCT_NAME = "$(TARGET_NAME:c99extidentifier)";
				SKIP_INSTALL = YES;
				SWIFT_EMIT_LOC_STRINGS = YES;
				SWIFT_VERSION = 5.0;
				TARGETED_DEVICE_FAMILY = "1,2";
			};
			name = Debug;
		};
		B084D64B280FE67D007D5DA5 /* Release */ = {
			isa = XCBuildConfiguration;
			buildSettings = {
				CODE_SIGN_STYLE = Automatic;
				CURRENT_PROJECT_VERSION = 1;
				DEFINES_MODULE = YES;
				DEVELOPMENT_TEAM = CX6AZ34SLQ;
				DYLIB_COMPATIBILITY_VERSION = 1;
				DYLIB_CURRENT_VERSION = 1;
				DYLIB_INSTALL_NAME_BASE = "@rpath";
				GENERATE_INFOPLIST_FILE = YES;
				INFOPLIST_KEY_NSHumanReadableCopyright = "";
				INSTALL_PATH = "$(LOCAL_LIBRARY_DIR)/Frameworks";
				LD_RUNPATH_SEARCH_PATHS = (
					"$(inherited)",
					"@executable_path/Frameworks",
					"@loader_path/Frameworks",
				);
				MARKETING_VERSION = 0.1.0;
				PRODUCT_BUNDLE_IDENTIFIER = evilmartians.VFont;
				PRODUCT_NAME = "$(TARGET_NAME:c99extidentifier)";
				SKIP_INSTALL = YES;
				SWIFT_EMIT_LOC_STRINGS = YES;
				SWIFT_VERSION = 5.0;
				TARGETED_DEVICE_FAMILY = "1,2";
			};
			name = Release;
		};
		B084D64D280FE67D007D5DA5 /* Debug */ = {
			isa = XCBuildConfiguration;
			buildSettings = {
				ALWAYS_EMBED_SWIFT_STANDARD_LIBRARIES = YES;
				CODE_SIGN_STYLE = Automatic;
				CURRENT_PROJECT_VERSION = 1;
				DEVELOPMENT_TEAM = CX6AZ34SLQ;
				GENERATE_INFOPLIST_FILE = YES;
				MARKETING_VERSION = 1.0;
				PRODUCT_BUNDLE_IDENTIFIER = evilmartians.VFontTests;
				PRODUCT_NAME = "$(TARGET_NAME)";
				SWIFT_EMIT_LOC_STRINGS = NO;
				SWIFT_VERSION = 5.0;
				TARGETED_DEVICE_FAMILY = "1,2";
			};
			name = Debug;
		};
		B084D64E280FE67D007D5DA5 /* Release */ = {
			isa = XCBuildConfiguration;
			buildSettings = {
				ALWAYS_EMBED_SWIFT_STANDARD_LIBRARIES = YES;
				CODE_SIGN_STYLE = Automatic;
				CURRENT_PROJECT_VERSION = 1;
				DEVELOPMENT_TEAM = CX6AZ34SLQ;
				GENERATE_INFOPLIST_FILE = YES;
				MARKETING_VERSION = 1.0;
				PRODUCT_BUNDLE_IDENTIFIER = evilmartians.VFontTests;
				PRODUCT_NAME = "$(TARGET_NAME)";
				SWIFT_EMIT_LOC_STRINGS = NO;
				SWIFT_VERSION = 5.0;
				TARGETED_DEVICE_FAMILY = "1,2";
			};
			name = Release;
		};
		B084D668280FE909007D5DA5 /* Debug */ = {
			isa = XCBuildConfiguration;
			buildSettings = {
				ASSETCATALOG_COMPILER_APPICON_NAME = AppIcon;
				ASSETCATALOG_COMPILER_GLOBAL_ACCENT_COLOR_NAME = AccentColor;
				CODE_SIGN_STYLE = Automatic;
				CURRENT_PROJECT_VERSION = 1;
				DEVELOPMENT_TEAM = CX6AZ34SLQ;
				GENERATE_INFOPLIST_FILE = YES;
				INFOPLIST_FILE = VFontDemo/Info.plist;
				INFOPLIST_KEY_UIApplicationSupportsIndirectInputEvents = YES;
				INFOPLIST_KEY_UILaunchStoryboardName = LaunchScreen;
				INFOPLIST_KEY_UIMainStoryboardFile = Main;
				INFOPLIST_KEY_UISupportedInterfaceOrientations_iPad = "UIInterfaceOrientationPortrait UIInterfaceOrientationPortraitUpsideDown UIInterfaceOrientationLandscapeLeft UIInterfaceOrientationLandscapeRight";
				INFOPLIST_KEY_UISupportedInterfaceOrientations_iPhone = "UIInterfaceOrientationPortrait UIInterfaceOrientationLandscapeLeft UIInterfaceOrientationLandscapeRight";
				IPHONEOS_DEPLOYMENT_TARGET = 13.0;
				LD_RUNPATH_SEARCH_PATHS = (
					"$(inherited)",
					"@executable_path/Frameworks",
				);
				MARKETING_VERSION = 1.0;
				PRODUCT_BUNDLE_IDENTIFIER = evilmartians.VFontDemo;
				PRODUCT_NAME = "$(TARGET_NAME)";
				SWIFT_EMIT_LOC_STRINGS = YES;
				SWIFT_VERSION = 5.0;
				TARGETED_DEVICE_FAMILY = "1,2";
			};
			name = Debug;
		};
		B084D669280FE909007D5DA5 /* Release */ = {
			isa = XCBuildConfiguration;
			buildSettings = {
				ASSETCATALOG_COMPILER_APPICON_NAME = AppIcon;
				ASSETCATALOG_COMPILER_GLOBAL_ACCENT_COLOR_NAME = AccentColor;
				CODE_SIGN_STYLE = Automatic;
				CURRENT_PROJECT_VERSION = 1;
				DEVELOPMENT_TEAM = CX6AZ34SLQ;
				GENERATE_INFOPLIST_FILE = YES;
				INFOPLIST_FILE = VFontDemo/Info.plist;
				INFOPLIST_KEY_UIApplicationSupportsIndirectInputEvents = YES;
				INFOPLIST_KEY_UILaunchStoryboardName = LaunchScreen;
				INFOPLIST_KEY_UIMainStoryboardFile = Main;
				INFOPLIST_KEY_UISupportedInterfaceOrientations_iPad = "UIInterfaceOrientationPortrait UIInterfaceOrientationPortraitUpsideDown UIInterfaceOrientationLandscapeLeft UIInterfaceOrientationLandscapeRight";
				INFOPLIST_KEY_UISupportedInterfaceOrientations_iPhone = "UIInterfaceOrientationPortrait UIInterfaceOrientationLandscapeLeft UIInterfaceOrientationLandscapeRight";
				IPHONEOS_DEPLOYMENT_TARGET = 13.0;
				LD_RUNPATH_SEARCH_PATHS = (
					"$(inherited)",
					"@executable_path/Frameworks",
				);
				MARKETING_VERSION = 1.0;
				PRODUCT_BUNDLE_IDENTIFIER = evilmartians.VFontDemo;
				PRODUCT_NAME = "$(TARGET_NAME)";
				SWIFT_EMIT_LOC_STRINGS = YES;
				SWIFT_VERSION = 5.0;
				TARGETED_DEVICE_FAMILY = "1,2";
			};
			name = Release;
		};
/* End XCBuildConfiguration section */

/* Begin XCConfigurationList section */
		B084D62F280FE67D007D5DA5 /* Build configuration list for PBXProject "VFont" */ = {
			isa = XCConfigurationList;
			buildConfigurations = (
				B084D647280FE67D007D5DA5 /* Debug */,
				B084D648280FE67D007D5DA5 /* Release */,
			);
			defaultConfigurationIsVisible = 0;
			defaultConfigurationName = Release;
		};
		B084D649280FE67D007D5DA5 /* Build configuration list for PBXNativeTarget "VFont" */ = {
			isa = XCConfigurationList;
			buildConfigurations = (
				B084D64A280FE67D007D5DA5 /* Debug */,
				B084D64B280FE67D007D5DA5 /* Release */,
			);
			defaultConfigurationIsVisible = 0;
			defaultConfigurationName = Release;
		};
		B084D64C280FE67D007D5DA5 /* Build configuration list for PBXNativeTarget "VFontTests" */ = {
			isa = XCConfigurationList;
			buildConfigurations = (
				B084D64D280FE67D007D5DA5 /* Debug */,
				B084D64E280FE67D007D5DA5 /* Release */,
			);
			defaultConfigurationIsVisible = 0;
			defaultConfigurationName = Release;
		};
		B084D667280FE909007D5DA5 /* Build configuration list for PBXNativeTarget "VFontDemo" */ = {
			isa = XCConfigurationList;
			buildConfigurations = (
				B084D668280FE909007D5DA5 /* Debug */,
				B084D669280FE909007D5DA5 /* Release */,
			);
			defaultConfigurationIsVisible = 0;
			defaultConfigurationName = Release;
		};
/* End XCConfigurationList section */
	};
	rootObject = B084D62C280FE67D007D5DA5 /* Project object */;
}
