// !$*UTF8*$!
{
	archiveVersion = 1;
	classes = {
	};
	objectVersion = 55;
	objects = {

/* Begin PBXBuildFile section */
		B01DBCFC2848CCE700BFBD55 /* LargeTitleView.swift in Sources */ = {isa = PBXBuildFile; fileRef = B01DBCFB2848CCE700BFBD55 /* LargeTitleView.swift */; };
		B01DBCFF2848CEAF00BFBD55 /* OrientationInfo.swift in Sources */ = {isa = PBXBuildFile; fileRef = B01DBCFE2848CEAF00BFBD55 /* OrientationInfo.swift */; };
		B06F8949282BBBCC0052C7A7 /* VFontDemoSwiftUIApp.swift in Sources */ = {isa = PBXBuildFile; fileRef = B06F8948282BBBCC0052C7A7 /* VFontDemoSwiftUIApp.swift */; };
		B06F894B282BBBCC0052C7A7 /* ContentView.swift in Sources */ = {isa = PBXBuildFile; fileRef = B06F894A282BBBCC0052C7A7 /* ContentView.swift */; };
		B06F894D282BBBCD0052C7A7 /* Assets.xcassets in Resources */ = {isa = PBXBuildFile; fileRef = B06F894C282BBBCD0052C7A7 /* Assets.xcassets */; };
		B06F8950282BBBCD0052C7A7 /* Preview Assets.xcassets in Resources */ = {isa = PBXBuildFile; fileRef = B06F894F282BBBCD0052C7A7 /* Preview Assets.xcassets */; };
		B06F8959282BBC330052C7A7 /* Martian Mono.ttf in Resources */ = {isa = PBXBuildFile; fileRef = B06F8958282BBC300052C7A7 /* Martian Mono.ttf */; };
		B0BE5049282BBDFD007FE9FB /* VFont.framework in Frameworks */ = {isa = PBXBuildFile; fileRef = B0BE5048282BBDFD007FE9FB /* VFont.framework */; };
		B0BE504A282BBDFD007FE9FB /* VFont.framework in Embed Frameworks */ = {isa = PBXBuildFile; fileRef = B0BE5048282BBDFD007FE9FB /* VFont.framework */; settings = {ATTRIBUTES = (CodeSignOnCopy, RemoveHeadersOnCopy, ); }; };
		B0E75FB928476B5B00D7E903 /* DarkModeSwitcher.swift in Sources */ = {isa = PBXBuildFile; fileRef = B0E75FB828476B5B00D7E903 /* DarkModeSwitcher.swift */; };
/* End PBXBuildFile section */

/* Begin PBXCopyFilesBuildPhase section */
		B0BE504B282BBDFD007FE9FB /* Embed Frameworks */ = {
			isa = PBXCopyFilesBuildPhase;
			buildActionMask = 2147483647;
			dstPath = "";
			dstSubfolderSpec = 10;
			files = (
				B0BE504A282BBDFD007FE9FB /* VFont.framework in Embed Frameworks */,
			);
			name = "Embed Frameworks";
			runOnlyForDeploymentPostprocessing = 0;
		};
/* End PBXCopyFilesBuildPhase section */

/* Begin PBXFileReference section */
		B01DBCFB2848CCE700BFBD55 /* LargeTitleView.swift */ = {isa = PBXFileReference; lastKnownFileType = sourcecode.swift; path = LargeTitleView.swift; sourceTree = "<group>"; };
		B01DBCFE2848CEAF00BFBD55 /* OrientationInfo.swift */ = {isa = PBXFileReference; lastKnownFileType = sourcecode.swift; path = OrientationInfo.swift; sourceTree = "<group>"; };
		B06F8945282BBBCC0052C7A7 /* VFontDemoSwiftUI.app */ = {isa = PBXFileReference; explicitFileType = wrapper.application; includeInIndex = 0; path = VFontDemoSwiftUI.app; sourceTree = BUILT_PRODUCTS_DIR; };
		B06F8948282BBBCC0052C7A7 /* VFontDemoSwiftUIApp.swift */ = {isa = PBXFileReference; lastKnownFileType = sourcecode.swift; path = VFontDemoSwiftUIApp.swift; sourceTree = "<group>"; };
		B06F894A282BBBCC0052C7A7 /* ContentView.swift */ = {isa = PBXFileReference; lastKnownFileType = sourcecode.swift; path = ContentView.swift; sourceTree = "<group>"; };
		B06F894C282BBBCD0052C7A7 /* Assets.xcassets */ = {isa = PBXFileReference; lastKnownFileType = folder.assetcatalog; path = Assets.xcassets; sourceTree = "<group>"; };
		B06F894F282BBBCD0052C7A7 /* Preview Assets.xcassets */ = {isa = PBXFileReference; lastKnownFileType = folder.assetcatalog; path = "Preview Assets.xcassets"; sourceTree = "<group>"; };
		B06F8956282BBC290052C7A7 /* Info.plist */ = {isa = PBXFileReference; fileEncoding = 4; lastKnownFileType = text.plist.xml; path = Info.plist; sourceTree = "<group>"; };
		B06F8958282BBC300052C7A7 /* Martian Mono.ttf */ = {isa = PBXFileReference; lastKnownFileType = file; path = "Martian Mono.ttf"; sourceTree = "<group>"; };
		B06F8963282BBC740052C7A7 /* VFont.framework */ = {isa = PBXFileReference; explicitFileType = wrapper.framework; path = VFont.framework; sourceTree = BUILT_PRODUCTS_DIR; };
		B0BE5048282BBDFD007FE9FB /* VFont.framework */ = {isa = PBXFileReference; explicitFileType = wrapper.framework; path = VFont.framework; sourceTree = BUILT_PRODUCTS_DIR; };
		B0E75FB828476B5B00D7E903 /* DarkModeSwitcher.swift */ = {isa = PBXFileReference; lastKnownFileType = sourcecode.swift; path = DarkModeSwitcher.swift; sourceTree = "<group>"; };
/* End PBXFileReference section */

/* Begin PBXFrameworksBuildPhase section */
		B06F8942282BBBCC0052C7A7 /* Frameworks */ = {
			isa = PBXFrameworksBuildPhase;
			buildActionMask = 2147483647;
			files = (
				B0BE5049282BBDFD007FE9FB /* VFont.framework in Frameworks */,
			);
			runOnlyForDeploymentPostprocessing = 0;
		};
/* End PBXFrameworksBuildPhase section */

/* Begin PBXGroup section */
		B01DBCFA2848CC5900BFBD55 /* Views */ = {
			isa = PBXGroup;
			children = (
				B01DBCFD2848CE8C00BFBD55 /* LargeTitle View */,
				B0E75FB828476B5B00D7E903 /* DarkModeSwitcher.swift */,
			);
			path = Views;
			sourceTree = "<group>";
		};
		B01DBCFD2848CE8C00BFBD55 /* LargeTitle View */ = {
			isa = PBXGroup;
			children = (
				B01DBCFB2848CCE700BFBD55 /* LargeTitleView.swift */,
				B01DBCFE2848CEAF00BFBD55 /* OrientationInfo.swift */,
			);
			path = "LargeTitle View";
			sourceTree = "<group>";
		};
		B06F893C282BBBCC0052C7A7 = {
			isa = PBXGroup;
			children = (
				B01DBCFA2848CC5900BFBD55 /* Views */,
				B06F8958282BBC300052C7A7 /* Martian Mono.ttf */,
				B06F8956282BBC290052C7A7 /* Info.plist */,
				B06F8948282BBBCC0052C7A7 /* VFontDemoSwiftUIApp.swift */,
				B06F894A282BBBCC0052C7A7 /* ContentView.swift */,
				B06F894C282BBBCD0052C7A7 /* Assets.xcassets */,
				B06F894E282BBBCD0052C7A7 /* Preview Content */,
				B06F8946282BBBCC0052C7A7 /* Products */,
				B06F8962282BBC740052C7A7 /* Frameworks */,
			);
			sourceTree = "<group>";
		};
		B06F8946282BBBCC0052C7A7 /* Products */ = {
			isa = PBXGroup;
			children = (
				B06F8945282BBBCC0052C7A7 /* VFontDemoSwiftUI.app */,
			);
			name = Products;
			sourceTree = "<group>";
		};
		B06F894E282BBBCD0052C7A7 /* Preview Content */ = {
			isa = PBXGroup;
			children = (
				B06F894F282BBBCD0052C7A7 /* Preview Assets.xcassets */,
			);
			path = "Preview Content";
			sourceTree = "<group>";
		};
		B06F8962282BBC740052C7A7 /* Frameworks */ = {
			isa = PBXGroup;
			children = (
				B0BE5048282BBDFD007FE9FB /* VFont.framework */,
				B06F8963282BBC740052C7A7 /* VFont.framework */,
			);
			name = Frameworks;
			sourceTree = "<group>";
		};
/* End PBXGroup section */

/* Begin PBXNativeTarget section */
		B06F8944282BBBCC0052C7A7 /* VFontDemoSwiftUI */ = {
			isa = PBXNativeTarget;
			buildConfigurationList = B06F8953282BBBCD0052C7A7 /* Build configuration list for PBXNativeTarget "VFontDemoSwiftUI" */;
			buildPhases = (
				B06F8941282BBBCC0052C7A7 /* Sources */,
				B06F8942282BBBCC0052C7A7 /* Frameworks */,
				B06F8943282BBBCC0052C7A7 /* Resources */,
				B0BE504B282BBDFD007FE9FB /* Embed Frameworks */,
			);
			buildRules = (
			);
			dependencies = (
			);
			name = VFontDemoSwiftUI;
			productName = VFontDemoSwiftUI;
			productReference = B06F8945282BBBCC0052C7A7 /* VFontDemoSwiftUI.app */;
			productType = "com.apple.product-type.application";
		};
/* End PBXNativeTarget section */

/* Begin PBXProject section */
		B06F893D282BBBCC0052C7A7 /* Project object */ = {
			isa = PBXProject;
			attributes = {
				BuildIndependentTargetsInParallel = 1;
				LastSwiftUpdateCheck = 1330;
				LastUpgradeCheck = 1330;
				TargetAttributes = {
					B06F8944282BBBCC0052C7A7 = {
						CreatedOnToolsVersion = 13.3;
					};
				};
			};
			buildConfigurationList = B06F8940282BBBCC0052C7A7 /* Build configuration list for PBXProject "VFontDemoSwiftUI" */;
			compatibilityVersion = "Xcode 13.0";
			developmentRegion = en;
			hasScannedForEncodings = 0;
			knownRegions = (
				en,
				Base,
			);
			mainGroup = B06F893C282BBBCC0052C7A7;
			productRefGroup = B06F8946282BBBCC0052C7A7 /* Products */;
			projectDirPath = "";
			projectRoot = "";
			targets = (
				B06F8944282BBBCC0052C7A7 /* VFontDemoSwiftUI */,
			);
		};
/* End PBXProject section */

/* Begin PBXResourcesBuildPhase section */
		B06F8943282BBBCC0052C7A7 /* Resources */ = {
			isa = PBXResourcesBuildPhase;
			buildActionMask = 2147483647;
			files = (
				B06F8950282BBBCD0052C7A7 /* Preview Assets.xcassets in Resources */,
				B06F8959282BBC330052C7A7 /* Martian Mono.ttf in Resources */,
				B06F894D282BBBCD0052C7A7 /* Assets.xcassets in Resources */,
			);
			runOnlyForDeploymentPostprocessing = 0;
		};
/* End PBXResourcesBuildPhase section */

/* Begin PBXSourcesBuildPhase section */
		B06F8941282BBBCC0052C7A7 /* Sources */ = {
			isa = PBXSourcesBuildPhase;
			buildActionMask = 2147483647;
			files = (
				B06F894B282BBBCC0052C7A7 /* ContentView.swift in Sources */,
				B0E75FB928476B5B00D7E903 /* DarkModeSwitcher.swift in Sources */,
				B06F8949282BBBCC0052C7A7 /* VFontDemoSwiftUIApp.swift in Sources */,
				B01DBCFC2848CCE700BFBD55 /* LargeTitleView.swift in Sources */,
				B01DBCFF2848CEAF00BFBD55 /* OrientationInfo.swift in Sources */,
			);
			runOnlyForDeploymentPostprocessing = 0;
		};
/* End PBXSourcesBuildPhase section */

/* Begin XCBuildConfiguration section */
		B06F8951282BBBCD0052C7A7 /* Debug */ = {
			isa = XCBuildConfiguration;
			buildSettings = {
				ALWAYS_SEARCH_USER_PATHS = NO;
				CLANG_ANALYZER_NONNULL = YES;
				CLANG_ANALYZER_NUMBER_OBJECT_CONVERSION = YES_AGGRESSIVE;
				CLANG_CXX_LANGUAGE_STANDARD = "gnu++17";
				CLANG_ENABLE_MODULES = YES;
				CLANG_ENABLE_OBJC_ARC = YES;
				CLANG_ENABLE_OBJC_WEAK = YES;
				CLANG_WARN_BLOCK_CAPTURE_AUTORELEASING = YES;
				CLANG_WARN_BOOL_CONVERSION = YES;
				CLANG_WARN_COMMA = YES;
				CLANG_WARN_CONSTANT_CONVERSION = YES;
				CLANG_WARN_DEPRECATED_OBJC_IMPLEMENTATIONS = YES;
				CLANG_WARN_DIRECT_OBJC_ISA_USAGE = YES_ERROR;
				CLANG_WARN_DOCUMENTATION_COMMENTS = YES;
				CLANG_WARN_EMPTY_BODY = YES;
				CLANG_WARN_ENUM_CONVERSION = YES;
				CLANG_WARN_INFINITE_RECURSION = YES;
				CLANG_WARN_INT_CONVERSION = YES;
				CLANG_WARN_NON_LITERAL_NULL_CONVERSION = YES;
				CLANG_WARN_OBJC_IMPLICIT_RETAIN_SELF = YES;
				CLANG_WARN_OBJC_LITERAL_CONVERSION = YES;
				CLANG_WARN_OBJC_ROOT_CLASS = YES_ERROR;
				CLANG_WARN_QUOTED_INCLUDE_IN_FRAMEWORK_HEADER = YES;
				CLANG_WARN_RANGE_LOOP_ANALYSIS = YES;
				CLANG_WARN_STRICT_PROTOTYPES = YES;
				CLANG_WARN_SUSPICIOUS_MOVE = YES;
				CLANG_WARN_UNGUARDED_AVAILABILITY = YES_AGGRESSIVE;
				CLANG_WARN_UNREACHABLE_CODE = YES;
				CLANG_WARN__DUPLICATE_METHOD_MATCH = YES;
				COPY_PHASE_STRIP = NO;
				DEBUG_INFORMATION_FORMAT = dwarf;
				ENABLE_STRICT_OBJC_MSGSEND = YES;
				ENABLE_TESTABILITY = YES;
				GCC_C_LANGUAGE_STANDARD = gnu11;
				GCC_DYNAMIC_NO_PIC = NO;
				GCC_NO_COMMON_BLOCKS = YES;
				GCC_OPTIMIZATION_LEVEL = 0;
				GCC_PREPROCESSOR_DEFINITIONS = (
					"DEBUG=1",
					"$(inherited)",
				);
				GCC_WARN_64_TO_32_BIT_CONVERSION = YES;
				GCC_WARN_ABOUT_RETURN_TYPE = YES_ERROR;
				GCC_WARN_UNDECLARED_SELECTOR = YES;
				GCC_WARN_UNINITIALIZED_AUTOS = YES_AGGRESSIVE;
				GCC_WARN_UNUSED_FUNCTION = YES;
				GCC_WARN_UNUSED_VARIABLE = YES;
				IPHONEOS_DEPLOYMENT_TARGET = 15.4;
				MTL_ENABLE_DEBUG_INFO = INCLUDE_SOURCE;
				MTL_FAST_MATH = YES;
				ONLY_ACTIVE_ARCH = YES;
				SDKROOT = iphoneos;
				SWIFT_ACTIVE_COMPILATION_CONDITIONS = DEBUG;
				SWIFT_OPTIMIZATION_LEVEL = "-Onone";
			};
			name = Debug;
		};
		B06F8952282BBBCD0052C7A7 /* Release */ = {
			isa = XCBuildConfiguration;
			buildSettings = {
				ALWAYS_SEARCH_USER_PATHS = NO;
				CLANG_ANALYZER_NONNULL = YES;
				CLANG_ANALYZER_NUMBER_OBJECT_CONVERSION = YES_AGGRESSIVE;
				CLANG_CXX_LANGUAGE_STANDARD = "gnu++17";
				CLANG_ENABLE_MODULES = YES;
				CLANG_ENABLE_OBJC_ARC = YES;
				CLANG_ENABLE_OBJC_WEAK = YES;
				CLANG_WARN_BLOCK_CAPTURE_AUTORELEASING = YES;
				CLANG_WARN_BOOL_CONVERSION = YES;
				CLANG_WARN_COMMA = YES;
				CLANG_WARN_CONSTANT_CONVERSION = YES;
				CLANG_WARN_DEPRECATED_OBJC_IMPLEMENTATIONS = YES;
				CLANG_WARN_DIRECT_OBJC_ISA_USAGE = YES_ERROR;
				CLANG_WARN_DOCUMENTATION_COMMENTS = YES;
				CLANG_WARN_EMPTY_BODY = YES;
				CLANG_WARN_ENUM_CONVERSION = YES;
				CLANG_WARN_INFINITE_RECURSION = YES;
				CLANG_WARN_INT_CONVERSION = YES;
				CLANG_WARN_NON_LITERAL_NULL_CONVERSION = YES;
				CLANG_WARN_OBJC_IMPLICIT_RETAIN_SELF = YES;
				CLANG_WARN_OBJC_LITERAL_CONVERSION = YES;
				CLANG_WARN_OBJC_ROOT_CLASS = YES_ERROR;
				CLANG_WARN_QUOTED_INCLUDE_IN_FRAMEWORK_HEADER = YES;
				CLANG_WARN_RANGE_LOOP_ANALYSIS = YES;
				CLANG_WARN_STRICT_PROTOTYPES = YES;
				CLANG_WARN_SUSPICIOUS_MOVE = YES;
				CLANG_WARN_UNGUARDED_AVAILABILITY = YES_AGGRESSIVE;
				CLANG_WARN_UNREACHABLE_CODE = YES;
				CLANG_WARN__DUPLICATE_METHOD_MATCH = YES;
				COPY_PHASE_STRIP = NO;
				DEBUG_INFORMATION_FORMAT = "dwarf-with-dsym";
				ENABLE_NS_ASSERTIONS = NO;
				ENABLE_STRICT_OBJC_MSGSEND = YES;
				GCC_C_LANGUAGE_STANDARD = gnu11;
				GCC_NO_COMMON_BLOCKS = YES;
				GCC_WARN_64_TO_32_BIT_CONVERSION = YES;
				GCC_WARN_ABOUT_RETURN_TYPE = YES_ERROR;
				GCC_WARN_UNDECLARED_SELECTOR = YES;
				GCC_WARN_UNINITIALIZED_AUTOS = YES_AGGRESSIVE;
				GCC_WARN_UNUSED_FUNCTION = YES;
				GCC_WARN_UNUSED_VARIABLE = YES;
				IPHONEOS_DEPLOYMENT_TARGET = 15.4;
				MTL_ENABLE_DEBUG_INFO = NO;
				MTL_FAST_MATH = YES;
				SDKROOT = iphoneos;
				SWIFT_COMPILATION_MODE = wholemodule;
				SWIFT_OPTIMIZATION_LEVEL = "-O";
				VALIDATE_PRODUCT = YES;
			};
			name = Release;
		};
		B06F8954282BBBCD0052C7A7 /* Debug */ = {
			isa = XCBuildConfiguration;
			buildSettings = {
				ASSETCATALOG_COMPILER_APPICON_NAME = AppIcon;
				ASSETCATALOG_COMPILER_GLOBAL_ACCENT_COLOR_NAME = AccentColor;
				CODE_SIGN_STYLE = Automatic;
				CURRENT_PROJECT_VERSION = 1;
				DEVELOPMENT_ASSET_PATHS = "\"Preview Content\"";
				DEVELOPMENT_TEAM = CX6AZ34SLQ;
				ENABLE_PREVIEWS = YES;
				GENERATE_INFOPLIST_FILE = YES;
				INFOPLIST_FILE = Info.plist;
				INFOPLIST_KEY_UIApplicationSceneManifest_Generation = YES;
				INFOPLIST_KEY_UIApplicationSupportsIndirectInputEvents = YES;
				INFOPLIST_KEY_UILaunchScreen_Generation = YES;
				INFOPLIST_KEY_UISupportedInterfaceOrientations_iPad = "UIInterfaceOrientationPortrait UIInterfaceOrientationPortraitUpsideDown UIInterfaceOrientationLandscapeLeft UIInterfaceOrientationLandscapeRight";
				INFOPLIST_KEY_UISupportedInterfaceOrientations_iPhone = "UIInterfaceOrientationPortrait UIInterfaceOrientationLandscapeLeft UIInterfaceOrientationLandscapeRight";
				IPHONEOS_DEPLOYMENT_TARGET = 14.0;
				LD_RUNPATH_SEARCH_PATHS = (
					"$(inherited)",
					"@executable_path/Frameworks",
				);
				MARKETING_VERSION = 1.0;
				PRODUCT_BUNDLE_IDENTIFIER = evilmartians.VFontDemoSwiftUI;
				PRODUCT_NAME = "$(TARGET_NAME)";
				SWIFT_EMIT_LOC_STRINGS = YES;
				SWIFT_VERSION = 5.0;
				TARGETED_DEVICE_FAMILY = "1,2";
			};
			name = Debug;
		};
		B06F8955282BBBCD0052C7A7 /* Release */ = {
			isa = XCBuildConfiguration;
			buildSettings = {
				ASSETCATALOG_COMPILER_APPICON_NAME = AppIcon;
				ASSETCATALOG_COMPILER_GLOBAL_ACCENT_COLOR_NAME = AccentColor;
				CODE_SIGN_STYLE = Automatic;
				CURRENT_PROJECT_VERSION = 1;
				DEVELOPMENT_ASSET_PATHS = "\"Preview Content\"";
				DEVELOPMENT_TEAM = CX6AZ34SLQ;
				ENABLE_PREVIEWS = YES;
				GENERATE_INFOPLIST_FILE = YES;
				INFOPLIST_FILE = Info.plist;
				INFOPLIST_KEY_UIApplicationSceneManifest_Generation = YES;
				INFOPLIST_KEY_UIApplicationSupportsIndirectInputEvents = YES;
				INFOPLIST_KEY_UILaunchScreen_Generation = YES;
				INFOPLIST_KEY_UISupportedInterfaceOrientations_iPad = "UIInterfaceOrientationPortrait UIInterfaceOrientationPortraitUpsideDown UIInterfaceOrientationLandscapeLeft UIInterfaceOrientationLandscapeRight";
				INFOPLIST_KEY_UISupportedInterfaceOrientations_iPhone = "UIInterfaceOrientationPortrait UIInterfaceOrientationLandscapeLeft UIInterfaceOrientationLandscapeRight";
				IPHONEOS_DEPLOYMENT_TARGET = 14.0;
				LD_RUNPATH_SEARCH_PATHS = (
					"$(inherited)",
					"@executable_path/Frameworks",
				);
				MARKETING_VERSION = 1.0;
				PRODUCT_BUNDLE_IDENTIFIER = evilmartians.VFontDemoSwiftUI;
				PRODUCT_NAME = "$(TARGET_NAME)";
				SWIFT_EMIT_LOC_STRINGS = YES;
				SWIFT_VERSION = 5.0;
				TARGETED_DEVICE_FAMILY = "1,2";
			};
			name = Release;
		};
/* End XCBuildConfiguration section */

/* Begin XCConfigurationList section */
		B06F8940282BBBCC0052C7A7 /* Build configuration list for PBXProject "VFontDemoSwiftUI" */ = {
			isa = XCConfigurationList;
			buildConfigurations = (
				B06F8951282BBBCD0052C7A7 /* Debug */,
				B06F8952282BBBCD0052C7A7 /* Release */,
			);
			defaultConfigurationIsVisible = 0;
			defaultConfigurationName = Release;
		};
		B06F8953282BBBCD0052C7A7 /* Build configuration list for PBXNativeTarget "VFontDemoSwiftUI" */ = {
			isa = XCConfigurationList;
			buildConfigurations = (
				B06F8954282BBBCD0052C7A7 /* Debug */,
				B06F8955282BBBCD0052C7A7 /* Release */,
			);
			defaultConfigurationIsVisible = 0;
			defaultConfigurationName = Release;
		};
/* End XCConfigurationList section */
	};
	rootObject = B06F893D282BBBCC0052C7A7 /* Project object */;
}
